# @generated - this file is auto-generated by `mise lock` https://mise.jdx.dev/dev-tools/mise-lock.html

lockfile_version = 3

[[tools.go]]
version = "1.26.6"
backend = "core:go"
specifiers = ["1.26.6"]

[tools.go."platforms.linux-x64"]
checksum = "sha256:708effb774be8237570d0add163225abbdfaf4fca28b2611df167beba4feef89"
url = "https://dl.google.com/go/go1.26.6.linux-amd64.tar.gz"

[[tools."http:vscode"]]
version = "1.133.0"
backend = "http:vscode"
specifiers = ["1.133.0"]

[tools."http:vscode".options]
format = "tar.gz"
strip_components = "1"

[tools."http:vscode"."platforms.linux-x64"]
checksum = "sha256:2bf1a90d2f008af009eb3c4a7bd0849b9247a0588cd39a404a0b1e691be68161"
url = "https://update.code.visualstudio.com/1.133.0/linux-x64/stable"

[[tools.node]]
version = "26.7.0"
backend = "core:node"
specifiers = ["26.7.0"]

[tools.node."platforms.linux-x64"]
checksum = "sha256:bd6b6c31e377bad9ad579bed72e5bc11f4c879ac9452ad51d30e646ea3d828df"
url = "https://nodejs.org/dist/v26.7.0/node-v26.7.0-linux-x64.tar.gz"

[[tools.uv]]
version = "0.12.5"
backend = "aqua:astral-sh/uv"
specifiers = ["0.12.5"]

[tools.uv."platforms.linux-x64"]
checksum = "sha256:68a509da24b06b4223a1c0175fb5eb5bc79342b76cbeff0cfe51ac3f5b17b6b2"
url = "https://github.com/astral-sh/uv/releases/download/0.12.5/uv-x86_64-unknown-linux-gnu.tar.gz"
url_api = "https://api.github.com/repos/astral-sh/uv/releases/assets/514851093"
provenance = "github-attestations"
